
Microsoft Visual Studio Solution File, Format Version 12.00
# Visual Studio Version 17
VisualStudioVersion = 17.0.31903.59
MinimumVisualStudioVersion = 10.0.40219.1
Project("{2150E333-8FDC-42A3-9474-1A3956D46DE8}") = "src", "src", "{827E0CD3-B72D-47B6-A68D-7590B98EB39B}"
EndProject
Project("{FAE04EC0-301F-11D3-BF4B-00C04F79EFBC}") = "PosAdminTool.Domain", "src\PosAdminTool.Domain\PosAdminTool.Domain.csproj", "{AC62875A-192F-464C-B806-6AD433D26F21}"
EndProject
Project("{FAE04EC0-301F-11D3-BF4B-00C04F79EFBC}") = "PosAdminTool.Application", "src\PosAdminTool.Application\PosAdminTool.Application.csproj", "{4F3785B5-8421-4886-89E7-9887BE66510D}"
EndProject
Project("{FAE04EC0-301F-11D3-BF4B-00C04F79EFBC}") = "PosAdminTool.Infrastructure", "src\PosAdminTool.Infrastructure\PosAdminTool.Infrastructure.csproj", "{E6EC9DEE-CD9C-45D8-B27A-89256C4D3063}"
EndProject
Project("{2150E333-8FDC-42A3-9474-1A3956D46DE8}") = "tests", "tests", "{0AB3BF05-4346-4AA6-1389-037BE0695223}"
EndProject
Project("{FAE04EC0-301F-11D3-BF4B-00C04F79EFBC}") = "PosAdminTool.Domain.Tests", "tests\PosAdminTool.Domain.Tests\PosAdminTool.Domain.Tests.csproj", "{56F18403-3480-48C2-BC7A-37A246BEFEA1}"
EndProject
Project("{FAE04EC0-301F-11D3-BF4B-00C04F79EFBC}") = "PosAdminTool.Application.Tests", "tests\PosAdminTool.Application.Tests\PosAdminTool.Application.Tests.csproj", "{66CB44E2-BE7E-4909-BCED-014907B6F6C1}"
EndProject
Project("{FAE04EC0-301F-11D3-BF4B-00C04F79EFBC}") = "PosAdminTool.Infrastructure.Tests", "tests\PosAdminTool.Infrastructure.Tests\PosAdminTool.Infrastructure.Tests.csproj", "{8C6F6569-757B-49C0-9E8F-EE212BC7941F}"
EndProject
Project("{FAE04EC0-301F-11D3-BF4B-00C04F79EFBC}") = "PosAdminTool.Maui", "src\PosAdminTool.Maui\PosAdminTool.Maui.csproj", "{8FE8603C-5BEA-47BB-A90B-B2811EC91603}"
EndProject
Global
	GlobalSection(SolutionConfigurationPlatforms) = preSolution
		Debug|Any CPU = Debug|Any CPU
		Debug|x64 = Debug|x64
		Debug|x86 = Debug|x86
		Release|Any CPU = Release|Any CPU
		Release|x64 = Release|x64
		Release|x86 = Release|x86
	EndGlobalSection
	GlobalSection(ProjectConfigurationPlatforms) = postSolution
		{AC62875A-192F-464C-B806-6AD433D26F21}.Debug|Any CPU.ActiveCfg = Debug|Any CPU
		{AC62875A-192F-464C-B806-6AD433D26F21}.Debug|Any CPU.Build.0 = Debug|Any CPU
		{AC62875A-192F-464C-B806-6AD433D26F21}.Debug|x64.ActiveCfg = Debug|Any CPU
		{AC62875A-192F-464C-B806-6AD433D26F21}.Debug|x64.Build.0 = Debug|Any CPU
		{AC62875A-192F-464C-B806-6AD433D26F21}.Debug|x86.ActiveCfg = Debug|Any CPU
		{AC62875A-192F-464C-B806-6AD433D26F21}.Debug|x86.Build.0 = Debug|Any CPU
		{AC62875A-192F-464C-B806-6AD433D26F21}.Release|Any CPU.ActiveCfg = Release|Any CPU
		{AC62875A-192F-464C-B806-6AD433D26F21}.Release|Any CPU.Build.0 = Release|Any CPU
		{AC62875A-192F-464C-B806-6AD433D26F21}.Release|x64.ActiveCfg = Release|Any CPU
		{AC62875A-192F-464C-B806-6AD433D26F21}.Release|x64.Build.0 = Release|Any CPU
		{AC62875A-192F-464C-B806-6AD433D26F21}.Release|x86.ActiveCfg = Release|Any CPU
		{AC62875A-192F-464C-B806-6AD433D26F21}.Release|x86.Build.0 = Release|Any CPU
		{4F3785B5-8421-4886-89E7-9887BE66510D}.Debug|Any CPU.ActiveCfg = Debug|Any CPU
		{4F3785B5-8421-4886-89E7-9887BE66510D}.Debug|Any CPU.Build.0 = Debug|Any CPU
		{4F3785B5-8421-4886-89E7-9887BE66510D}.Debug|x64.ActiveCfg = Debug|Any CPU
		{4F3785B5-8421-4886-89E7-9887BE66510D}.Debug|x64.Build.0 = Debug|Any CPU
		{4F3785B5-8421-4886-89E7-9887BE66510D}.Debug|x86.ActiveCfg = Debug|Any CPU
		{4F3785B5-8421-4886-89E7-9887BE66510D}.Debug|x86.Build.0 = Debug|Any CPU
		{4F3785B5-8421-4886-89E7-9887BE66510D}.Release|Any CPU.ActiveCfg = Release|Any CPU
		{4F3785B5-8421-4886-89E7-9887BE66510D}.Release|Any CPU.Build.0 = Release|Any CPU
		{4F3785B5-8421-4886-89E7-9887BE66510D}.Release|x64.ActiveCfg = Release|Any CPU
		{4F3785B5-8421-4886-89E7-9887BE66510D}.Release|x64.Build.0 = Release|Any CPU
		{4F3785B5-8421-4886-89E7-9887BE66510D}.Release|x86.ActiveCfg = Release|Any CPU
		{4F3785B5-8421-4886-89E7-9887BE66510D}.Release|x86.Build.0 = Release|Any CPU
		{E6EC9DEE-CD9C-45D8-B27A-89256C4D3063}.Debug|Any CPU.ActiveCfg = Debug|Any CPU
		{E6EC9DEE-CD9C-45D8-B27A-89256C4D3063}.Debug|Any CPU.Build.0 = Debug|Any CPU
		{E6EC9DEE-CD9C-45D8-B27A-89256C4D3063}.Debug|x64.ActiveCfg = Debug|Any CPU
		{E6EC9DEE-CD9C-45D8-B27A-89256C4D3063}.Debug|x64.Build.0 = Debug|Any CPU
		{E6EC9DEE-CD9C-45D8-B27A-89256C4D3063}.Debug|x86.ActiveCfg = Debug|Any CPU
		{E6EC9DEE-CD9C-45D8-B27A-89256C4D3063}.Debug|x86.Build.0 = Debug|Any CPU
		{E6EC9DEE-CD9C-45D8-B27A-89256C4D3063}.Release|Any CPU.ActiveCfg = Release|Any CPU
		{E6EC9DEE-CD9C-45D8-B27A-89256C4D3063}.Release|Any CPU.Build.0 = Release|Any CPU
		{E6EC9DEE-CD9C-45D8-B27A-89256C4D3063}.Release|x64.ActiveCfg = Release|Any CPU
		{E6EC9DEE-CD9C-45D8-B27A-89256C4D3063}.Release|x64.Build.0 = Release|Any CPU
		{E6EC9DEE-CD9C-45D8-B27A-89256C4D3063}.Release|x86.ActiveCfg = Release|Any CPU
		{E6EC9DEE-CD9C-45D8-B27A-89256C4D3063}.Release|x86.Build.0 = Release|Any CPU
		{56F18403-3480-48C2-BC7A-37A246BEFEA1}.Debug|Any CPU.ActiveCfg = Debug|Any CPU
		{56F18403-3480-48C2-BC7A-37A246BEFEA1}.Debug|Any CPU.Build.0 = Debug|Any CPU
		{56F18403-3480-48C2-BC7A-37A246BEFEA1}.Debug|x64.ActiveCfg = Debug|Any CPU
		{56F18403-3480-48C2-BC7A-37A246BEFEA1}.Debug|x64.Build.0 = Debug|Any CPU
		{56F18403-3480-48C2-BC7A-37A246BEFEA1}.Debug|x86.ActiveCfg = Debug|Any CPU
		{56F18403-3480-48C2-BC7A-37A246BEFEA1}.Debug|x86.Build.0 = Debug|Any CPU
		{56F18403-3480-48C2-BC7A-37A246BEFEA1}.Release|Any CPU.ActiveCfg = Release|Any CPU
		{56F18403-3480-48C2-BC7A-37A246BEFEA1}.Release|Any CPU.Build.0 = Release|Any CPU
		{56F18403-3480-48C2-BC7A-37A246BEFEA1}.Release|x64.ActiveCfg = Release|Any CPU
		{56F18403-3480-48C2-BC7A-37A246BEFEA1}.Release|x64.Build.0 = Release|Any CPU
		{56F18403-3480-48C2-BC7A-37A246BEFEA1}.Release|x86.ActiveCfg = Release|Any CPU
		{56F18403-3480-48C2-BC7A-37A246BEFEA1}.Release|x86.Build.0 = Release|Any CPU
		{66CB44E2-BE7E-4909-BCED-014907B6F6C1}.Debug|Any CPU.ActiveCfg = Debug|Any CPU
		{66CB44E2-BE7E-4909-BCED-014907B6F6C1}.Debug|Any CPU.Build.0 = Debug|Any CPU
		{66CB44E2-BE7E-4909-BCED-014907B6F6C1}.Debug|x64.ActiveCfg = Debug|Any CPU
		{66CB44E2-BE7E-4909-BCED-014907B6F6C1}.Debug|x64.Build.0 = Debug|Any CPU
		{66CB44E2-BE7E-4909-BCED-014907B6F6C1}.Debug|x86.ActiveCfg = Debug|Any CPU
		{66CB44E2-BE7E-4909-BCED-014907B6F6C1}.Debug|x86.Build.0 = Debug|Any CPU
		{66CB44E2-BE7E-4909-BCED-014907B6F6C1}.Release|Any CPU.ActiveCfg = Release|Any CPU
		{66CB44E2-BE7E-4909-BCED-014907B6F6C1}.Release|Any CPU.Build.0 = Release|Any CPU
		{66CB44E2-BE7E-4909-BCED-014907B6F6C1}.Release|x64.ActiveCfg = Release|Any CPU
		{66CB44E2-BE7E-4909-BCED-014907B6F6C1}.Release|x64.Build.0 = Release|Any CPU
		{66CB44E2-BE7E-4909-BCED-014907B6F6C1}.Release|x86.ActiveCfg = Release|Any CPU
		{66CB44E2-BE7E-4909-BCED-014907B6F6C1}.Release|x86.Build.0 = Release|Any CPU
		{8C6F6569-757B-49C0-9E8F-EE212BC7941F}.Debug|Any CPU.ActiveCfg = Debug|Any CPU
		{8C6F6569-757B-49C0-9E8F-EE212BC7941F}.Debug|Any CPU.Build.0 = Debug|Any CPU
		{8C6F6569-757B-49C0-9E8F-EE212BC7941F}.Debug|x64.ActiveCfg = Debug|Any CPU
		{8C6F6569-757B-49C0-9E8F-EE212BC7941F}.Debug|x64.Build.0 = Debug|Any CPU
		{8C6F6569-757B-49C0-9E8F-EE212BC7941F}.Debug|x86.ActiveCfg = Debug|Any CPU
		{8C6F6569-757B-49C0-9E8F-EE212BC7941F}.Debug|x86.Build.0 = Debug|Any CPU
		{8C6F6569-757B-49C0-9E8F-EE212BC7941F}.Release|Any CPU.ActiveCfg = Release|Any CPU
		{8C6F6569-757B-49C0-9E8F-EE212BC7941F}.Release|Any CPU.Build.0 = Release|Any CPU
		{8C6F6569-757B-49C0-9E8F-EE212BC7941F}.Release|x64.ActiveCfg = Release|Any CPU
		{8C6F6569-757B-49C0-9E8F-EE212BC7941F}.Release|x64.Build.0 = Release|Any CPU
		{8C6F6569-757B-49C0-9E8F-EE212BC7941F}.Release|x86.ActiveCfg = Release|Any CPU
		{8C6F6569-757B-49C0-9E8F-EE212BC7941F}.Release|x86.Build.0 = Release|Any CPU
		{8FE8603C-5BEA-47BB-A90B-B2811EC91603}.Debug|Any CPU.ActiveCfg = Debug|Any CPU
		{8FE8603C-5BEA-47BB-A90B-B2811EC91603}.Debug|Any CPU.Build.0 = Debug|Any CPU
		{8FE8603C-5BEA-47BB-A90B-B2811EC91603}.Debug|x64.ActiveCfg = Debug|Any CPU
		{8FE8603C-5BEA-47BB-A90B-B2811EC91603}.Debug|x64.Build.0 = Debug|Any CPU
		{8FE8603C-5BEA-47BB-A90B-B2811EC91603}.Debug|x86.ActiveCfg = Debug|Any CPU
		{8FE8603C-5BEA-47BB-A90B-B2811EC91603}.Debug|x86.Build.0 = Debug|Any CPU
		{8FE8603C-5BEA-47BB-A90B-B2811EC91603}.Release|Any CPU.ActiveCfg = Release|Any CPU
		{8FE8603C-5BEA-47BB-A90B-B2811EC91603}.Release|Any CPU.Build.0 = Release|Any CPU
		{8FE8603C-5BEA-47BB-A90B-B2811EC91603}.Release|x64.ActiveCfg = Release|Any CPU
		{8FE8603C-5BEA-47BB-A90B-B2811EC91603}.Release|x64.Build.0 = Release|Any CPU
		{8FE8603C-5BEA-47BB-A90B-B2811EC91603}.Release|x86.ActiveCfg = Release|Any CPU
		{8FE8603C-5BEA-47BB-A90B-B2811EC91603}.Release|x86.Build.0 = Release|Any CPU
	EndGlobalSection
	GlobalSection(SolutionProperties) = preSolution
		HideSolutionNode = FALSE
	EndGlobalSection
	GlobalSection(NestedProjects) = preSolution
		{AC62875A-192F-464C-B806-6AD433D26F21} = {827E0CD3-B72D-47B6-A68D-7590B98EB39B}
		{4F3785B5-8421-4886-89E7-9887BE66510D} = {827E0CD3-B72D-47B6-A68D-7590B98EB39B}
		{E6EC9DEE-CD9C-45D8-B27A-89256C4D3063} = {827E0CD3-B72D-47B6-A68D-7590B98EB39B}
		{56F18403-3480-48C2-BC7A-37A246BEFEA1} = {0AB3BF05-4346-4AA6-1389-037BE0695223}
		{66CB44E2-BE7E-4909-BCED-014907B6F6C1} = {0AB3BF05-4346-4AA6-1389-037BE0695223}
		{8C6F6569-757B-49C0-9E8F-EE212BC7941F} = {0AB3BF05-4346-4AA6-1389-037BE0695223}
		{8FE8603C-5BEA-47BB-A90B-B2811EC91603} = {827E0CD3-B72D-47B6-A68D-7590B98EB39B}
	EndGlobalSection
EndGlobal
